
Microsoft Visual Studio Solution File, Format Version 12.00
# Visual Studio 14
VisualStudioVersion = 14.0.25420.1
MinimumVisualStudioVersion = 10.0.40219.1
Project("{FAE04EC0-301F-11D3-BF4B-00C04F79EFBC}") = "GRUNet", "GRUNet\GRUNet.csproj", "{50C4CB08-6BEA-49E1-8403-48E11EA82323}"
EndProject
Project("{FAE04EC0-301F-11D3-BF4B-00C04F79EFBC}") = "GRUNet.Tests", "GRUNet.Tests\GRUNet.Tests.csproj", "{5BE93281-7D17-42B9-B3F5-40936D031EE1}"
EndProject
Project("{2150E333-8FDC-42A3-9474-1A3956D46DE8}") = "Docs", "Docs", "{1468F535-B060-4351-80ED-73786255D38F}"
	ProjectSection(SolutionItems) = preProject
		boleto.html = boleto.html
		GRUNet\Codigo_Barras_GRU_Simples_e_Judicial.pdf = GRUNet\Codigo_Barras_GRU_Simples_e_Judicial.pdf
		refs.txt = refs.txt
	EndProjectSection
EndProject
Project("{FAE04EC0-301F-11D3-BF4B-00C04F79EFBC}") = "GRUNet.Demo", "GRUNet.Demo\GRUNet.Demo.csproj", "{8087C19D-E87C-40FD-BEA4-67E375A35319}"
EndProject
Global
	GlobalSection(SolutionConfigurationPlatforms) = preSolution
		Debug|Any CPU = Debug|Any CPU
		Release|Any CPU = Release|Any CPU
	EndGlobalSection
	GlobalSection(ProjectConfigurationPlatforms) = postSolution
		{50C4CB08-6BEA-49E1-8403-48E11EA82323}.Debug|Any CPU.ActiveCfg = Debug|Any CPU
		{50C4CB08-6BEA-49E1-8403-48E11EA82323}.Debug|Any CPU.Build.0 = Debug|Any CPU
		{50C4CB08-6BEA-49E1-8403-48E11EA82323}.Release|Any CPU.ActiveCfg = Release|Any CPU
		{50C4CB08-6BEA-49E1-8403-48E11EA82323}.Release|Any CPU.Build.0 = Release|Any CPU
		{5BE93281-7D17-42B9-B3F5-40936D031EE1}.Debug|Any CPU.ActiveCfg = Debug|Any CPU
		{5BE93281-7D17-42B9-B3F5-40936D031EE1}.Debug|Any CPU.Build.0 = Debug|Any CPU
		{5BE93281-7D17-42B9-B3F5-40936D031EE1}.Release|Any CPU.ActiveCfg = Release|Any CPU
		{5BE93281-7D17-42B9-B3F5-40936D031EE1}.Release|Any CPU.Build.0 = Release|Any CPU
		{8087C19D-E87C-40FD-BEA4-67E375A35319}.Debug|Any CPU.ActiveCfg = Debug|Any CPU
		{8087C19D-E87C-40FD-BEA4-67E375A35319}.Debug|Any CPU.Build.0 = Debug|Any CPU
		{8087C19D-E87C-40FD-BEA4-67E375A35319}.Release|Any CPU.ActiveCfg = Release|Any CPU
		{8087C19D-E87C-40FD-BEA4-67E375A35319}.Release|Any CPU.Build.0 = Release|Any CPU
	EndGlobalSection
	GlobalSection(SolutionProperties) = preSolution
		HideSolutionNode = FALSE
	EndGlobalSection
EndGlobal
